
Microsoft Visual Studio Solution File, Format Version 12.00
# Visual Studio Version 16
VisualStudioVersion = 16.0.32929.386
MinimumVisualStudioVersion = 10.0.40219.1
Project("{FAE04EC0-301F-11D3-BF4B-00C04F79EFBC}") = "GeneroLivroApp", "GeneroLivroApp\GeneroLivroApp.csproj", "{4DEC5595-270A-486C-85A4-7B58490A257C}"
EndProject
Global
	GlobalSection(SolutionConfigurationPlatforms) = preSolution
		Debug|Any CPU = Debug|Any CPU
		Release|Any CPU = Release|Any CPU
	EndGlobalSection
	GlobalSection(ProjectConfigurationPlatforms) = postSolution
		{4DEC5595-270A-486C-85A4-7B58490A257C}.Debug|Any CPU.ActiveCfg = Debug|Any CPU
		{4DEC5595-270A-486C-85A4-7B58490A257C}.Debug|Any CPU.Build.0 = Debug|Any CPU
		{4DEC5595-270A-486C-85A4-7B58490A257C}.Release|Any CPU.ActiveCfg = Release|Any CPU
		{4DEC5595-270A-486C-85A4-7B58490A257C}.Release|Any CPU.Build.0 = Release|Any CPU
	EndGlobalSection
	GlobalSection(SolutionProperties) = preSolution
		HideSolutionNode = FALSE
	EndGlobalSection
	GlobalSection(ExtensibilityGlobals) = postSolution
		SolutionGuid = {1AD89A61-3B6A-42A6-9530-DE75DDD92B03}
	EndGlobalSection
EndGlobal
