
Microsoft Visual Studio Solution File, Format Version 12.00
# Visual Studio Version 16
VisualStudioVersion = 16.0.32413.511
MinimumVisualStudioVersion = 10.0.40219.1
Project("{FAE04EC0-301F-11D3-BF4B-00C04F79EFBC}") = "RetanguloApp", "RetanguloApp\RetanguloApp.csproj", "{0ED40279-309A-44B9-9893-600A09AB993C}"
EndProject
Global
	GlobalSection(SolutionConfigurationPlatforms) = preSolution
		Debug|Any CPU = Debug|Any CPU
		Release|Any CPU = Release|Any CPU
	EndGlobalSection
	GlobalSection(ProjectConfigurationPlatforms) = postSolution
		{0ED40279-309A-44B9-9893-600A09AB993C}.Debug|Any CPU.ActiveCfg = Debug|Any CPU
		{0ED40279-309A-44B9-9893-600A09AB993C}.Debug|Any CPU.Build.0 = Debug|Any CPU
		{0ED40279-309A-44B9-9893-600A09AB993C}.Release|Any CPU.ActiveCfg = Release|Any CPU
		{0ED40279-309A-44B9-9893-600A09AB993C}.Release|Any CPU.Build.0 = Release|Any CPU
	EndGlobalSection
	GlobalSection(SolutionProperties) = preSolution
		HideSolutionNode = FALSE
	EndGlobalSection
	GlobalSection(ExtensibilityGlobals) = postSolution
		SolutionGuid = {F6829239-B357-48C7-AEDE-4CF9A2EAF7AE}
	EndGlobalSection
EndGlobal
